
Microsoft Visual Studio Solution File, Format Version 12.00
# Visual Studio Version 16
VisualStudioVersion = 16.0.30225.117
MinimumVisualStudioVersion = 10.0.40219.1
Project("{FAE04EC0-301F-11D3-BF4B-00C04F79EFBC}") = "SocketPrograming", "SocketPrograming\SocketPrograming.csproj", "{1617BC82-82BD-4417-AB26-0351038355E5}"
EndProject
Global
	GlobalSection(SolutionConfigurationPlatforms) = preSolution
		Debug|Any CPU = Debug|Any CPU
		Release|Any CPU = Release|Any CPU
	EndGlobalSection
	GlobalSection(ProjectConfigurationPlatforms) = postSolution
		{1617BC82-82BD-4417-AB26-0351038355E5}.Debug|Any CPU.ActiveCfg = Debug|Any CPU
		{1617BC82-82BD-4417-AB26-0351038355E5}.Debug|Any CPU.Build.0 = Debug|Any CPU
		{1617BC82-82BD-4417-AB26-0351038355E5}.Release|Any CPU.ActiveCfg = Release|Any CPU
		{1617BC82-82BD-4417-AB26-0351038355E5}.Release|Any CPU.Build.0 = Release|Any CPU
	EndGlobalSection
	GlobalSection(SolutionProperties) = preSolution
		HideSolutionNode = FALSE
	EndGlobalSection
	GlobalSection(ExtensibilityGlobals) = postSolution
		SolutionGuid = {A410DBF8-1AA0-41D6-B912-C2C397C87259}
	EndGlobalSection
EndGlobal
