
Microsoft Visual Studio Solution File, Format Version 12.00
# Visual Studio Version 16
VisualStudioVersion = 16.0.30225.117
MinimumVisualStudioVersion = 10.0.40219.1
Project("{FAE04EC0-301F-11D3-BF4B-00C04F79EFBC}") = "IndexProgram", "IndexProgram\IndexProgram.csproj", "{2E6F0E04-F899-4FB0-9645-B1116531870F}"
EndProject
Global
	GlobalSection(SolutionConfigurationPlatforms) = preSolution
		Debug|Any CPU = Debug|Any CPU
		Release|Any CPU = Release|Any CPU
	EndGlobalSection
	GlobalSection(ProjectConfigurationPlatforms) = postSolution
		{2E6F0E04-F899-4FB0-9645-B1116531870F}.Debug|Any CPU.ActiveCfg = Debug|Any CPU
		{2E6F0E04-F899-4FB0-9645-B1116531870F}.Debug|Any CPU.Build.0 = Debug|Any CPU
		{2E6F0E04-F899-4FB0-9645-B1116531870F}.Release|Any CPU.ActiveCfg = Release|Any CPU
		{2E6F0E04-F899-4FB0-9645-B1116531870F}.Release|Any CPU.Build.0 = Release|Any CPU
	EndGlobalSection
	GlobalSection(SolutionProperties) = preSolution
		HideSolutionNode = FALSE
	EndGlobalSection
	GlobalSection(ExtensibilityGlobals) = postSolution
		SolutionGuid = {5D5F19C5-67DF-4A1E-94A2-215B95382E56}
	EndGlobalSection
EndGlobal
