
Microsoft Visual Studio Solution File, Format Version 12.00
# Visual Studio Version 16
VisualStudioVersion = 16.0.30225.117
MinimumVisualStudioVersion = 10.0.40219.1
Project("{FAE04EC0-301F-11D3-BF4B-00C04F79EFBC}") = "WindowsFormsApp2", "WindowsFormsApp2\WindowsFormsApp2.csproj", "{74AECE64-944C-4387-B44B-30EA7D8BB6B4}"
EndProject
Global
	GlobalSection(SolutionConfigurationPlatforms) = preSolution
		Debug|Any CPU = Debug|Any CPU
		Release|Any CPU = Release|Any CPU
	EndGlobalSection
	GlobalSection(ProjectConfigurationPlatforms) = postSolution
		{74AECE64-944C-4387-B44B-30EA7D8BB6B4}.Debug|Any CPU.ActiveCfg = Debug|Any CPU
		{74AECE64-944C-4387-B44B-30EA7D8BB6B4}.Debug|Any CPU.Build.0 = Debug|Any CPU
		{74AECE64-944C-4387-B44B-30EA7D8BB6B4}.Release|Any CPU.ActiveCfg = Release|Any CPU
		{74AECE64-944C-4387-B44B-30EA7D8BB6B4}.Release|Any CPU.Build.0 = Release|Any CPU
	EndGlobalSection
	GlobalSection(SolutionProperties) = preSolution
		HideSolutionNode = FALSE
	EndGlobalSection
	GlobalSection(ExtensibilityGlobals) = postSolution
		SolutionGuid = {A3E0BD9E-3ED1-48E2-8582-1D1FEA2EDB26}
	EndGlobalSection
EndGlobal
