
Microsoft Visual Studio Solution File, Format Version 12.00
# Visual Studio Version 16
VisualStudioVersion = 16.0.30225.117
MinimumVisualStudioVersion = 10.0.40219.1
Project("{FAE04EC0-301F-11D3-BF4B-00C04F79EFBC}") = "ProjectWork", "ProjectWork\ProjectWork.csproj", "{83835E1E-A9D5-44DF-A819-D8FF4440F1C3}"
EndProject
Global
	GlobalSection(SolutionConfigurationPlatforms) = preSolution
		Debug|Any CPU = Debug|Any CPU
		Release|Any CPU = Release|Any CPU
	EndGlobalSection
	GlobalSection(ProjectConfigurationPlatforms) = postSolution
		{83835E1E-A9D5-44DF-A819-D8FF4440F1C3}.Debug|Any CPU.ActiveCfg = Debug|Any CPU
		{83835E1E-A9D5-44DF-A819-D8FF4440F1C3}.Debug|Any CPU.Build.0 = Debug|Any CPU
		{83835E1E-A9D5-44DF-A819-D8FF4440F1C3}.Release|Any CPU.ActiveCfg = Release|Any CPU
		{83835E1E-A9D5-44DF-A819-D8FF4440F1C3}.Release|Any CPU.Build.0 = Release|Any CPU
	EndGlobalSection
	GlobalSection(SolutionProperties) = preSolution
		HideSolutionNode = FALSE
	EndGlobalSection
	GlobalSection(ExtensibilityGlobals) = postSolution
		SolutionGuid = {2E77C2D7-80A7-46EE-B346-2E8EA8A64DEE}
	EndGlobalSection
EndGlobal
