
Microsoft Visual Studio Solution File, Format Version 12.00
# Visual Studio Version 16
VisualStudioVersion = 16.0.30225.117
MinimumVisualStudioVersion = 10.0.40219.1
Project("{FAE04EC0-301F-11D3-BF4B-00C04F79EFBC}") = "AdoProject", "AdoProject\AdoProject.csproj", "{49C493F2-3E32-452C-8EF8-4BFD0B96C7A1}"
EndProject
Global
	GlobalSection(SolutionConfigurationPlatforms) = preSolution
		Debug|Any CPU = Debug|Any CPU
		Release|Any CPU = Release|Any CPU
	EndGlobalSection
	GlobalSection(ProjectConfigurationPlatforms) = postSolution
		{49C493F2-3E32-452C-8EF8-4BFD0B96C7A1}.Debug|Any CPU.ActiveCfg = Debug|Any CPU
		{49C493F2-3E32-452C-8EF8-4BFD0B96C7A1}.Debug|Any CPU.Build.0 = Debug|Any CPU
		{49C493F2-3E32-452C-8EF8-4BFD0B96C7A1}.Release|Any CPU.ActiveCfg = Release|Any CPU
		{49C493F2-3E32-452C-8EF8-4BFD0B96C7A1}.Release|Any CPU.Build.0 = Release|Any CPU
	EndGlobalSection
	GlobalSection(SolutionProperties) = preSolution
		HideSolutionNode = FALSE
	EndGlobalSection
	GlobalSection(ExtensibilityGlobals) = postSolution
		SolutionGuid = {B7D23AA0-2ECD-4A4A-95C3-1BF788307DF2}
	EndGlobalSection
EndGlobal
