
Microsoft Visual Studio Solution File, Format Version 12.00
# Visual Studio Version 16
VisualStudioVersion = 16.0.30225.117
MinimumVisualStudioVersion = 10.0.40219.1
Project("{FAE04EC0-301F-11D3-BF4B-00C04F79EFBC}") = "ExceptionPrograming", "ExceptionPrograming\ExceptionPrograming.csproj", "{E0B7C95A-FD38-4AF7-90D0-BDCDF2538712}"
EndProject
Global
	GlobalSection(SolutionConfigurationPlatforms) = preSolution
		Debug|Any CPU = Debug|Any CPU
		Release|Any CPU = Release|Any CPU
	EndGlobalSection
	GlobalSection(ProjectConfigurationPlatforms) = postSolution
		{E0B7C95A-FD38-4AF7-90D0-BDCDF2538712}.Debug|Any CPU.ActiveCfg = Debug|Any CPU
		{E0B7C95A-FD38-4AF7-90D0-BDCDF2538712}.Debug|Any CPU.Build.0 = Debug|Any CPU
		{E0B7C95A-FD38-4AF7-90D0-BDCDF2538712}.Release|Any CPU.ActiveCfg = Release|Any CPU
		{E0B7C95A-FD38-4AF7-90D0-BDCDF2538712}.Release|Any CPU.Build.0 = Release|Any CPU
	EndGlobalSection
	GlobalSection(SolutionProperties) = preSolution
		HideSolutionNode = FALSE
	EndGlobalSection
	GlobalSection(ExtensibilityGlobals) = postSolution
		SolutionGuid = {74B4DB4A-F8E5-437F-8A89-ADEEDE0C1C6B}
	EndGlobalSection
EndGlobal
