
Microsoft Visual Studio Solution File, Format Version 12.00
# Visual Studio Version 16
VisualStudioVersion = 16.0.30225.117
MinimumVisualStudioVersion = 10.0.40219.1
Project("{FAE04EC0-301F-11D3-BF4B-00C04F79EFBC}") = "WindowsFormsAppAsyncExample", "WindowsFormsAppAsyncExample\WindowsFormsAppAsyncExample.csproj", "{0E3A6746-F76C-4ADC-B990-471F1E9E1621}"
EndProject
Global
	GlobalSection(SolutionConfigurationPlatforms) = preSolution
		Debug|Any CPU = Debug|Any CPU
		Release|Any CPU = Release|Any CPU
	EndGlobalSection
	GlobalSection(ProjectConfigurationPlatforms) = postSolution
		{0E3A6746-F76C-4ADC-B990-471F1E9E1621}.Debug|Any CPU.ActiveCfg = Debug|Any CPU
		{0E3A6746-F76C-4ADC-B990-471F1E9E1621}.Debug|Any CPU.Build.0 = Debug|Any CPU
		{0E3A6746-F76C-4ADC-B990-471F1E9E1621}.Release|Any CPU.ActiveCfg = Release|Any CPU
		{0E3A6746-F76C-4ADC-B990-471F1E9E1621}.Release|Any CPU.Build.0 = Release|Any CPU
	EndGlobalSection
	GlobalSection(SolutionProperties) = preSolution
		HideSolutionNode = FALSE
	EndGlobalSection
	GlobalSection(ExtensibilityGlobals) = postSolution
		SolutionGuid = {85EECBF1-71EE-4981-AE20-35C7744AAA81}
	EndGlobalSection
EndGlobal
