
Microsoft Visual Studio Solution File, Format Version 12.00
# Visual Studio Version 16
VisualStudioVersion = 16.0.30204.135
MinimumVisualStudioVersion = 10.0.40219.1
Project("{FAE04EC0-301F-11D3-BF4B-00C04F79EFBC}") = "WindowProject", "WindowProject\WindowProject.csproj", "{3ACF1290-562D-4647-9AE6-1984F7C8CBDF}"
EndProject
Global
	GlobalSection(SolutionConfigurationPlatforms) = preSolution
		Debug|Any CPU = Debug|Any CPU
		Release|Any CPU = Release|Any CPU
	EndGlobalSection
	GlobalSection(ProjectConfigurationPlatforms) = postSolution
		{3ACF1290-562D-4647-9AE6-1984F7C8CBDF}.Debug|Any CPU.ActiveCfg = Debug|Any CPU
		{3ACF1290-562D-4647-9AE6-1984F7C8CBDF}.Debug|Any CPU.Build.0 = Debug|Any CPU
		{3ACF1290-562D-4647-9AE6-1984F7C8CBDF}.Release|Any CPU.ActiveCfg = Release|Any CPU
		{3ACF1290-562D-4647-9AE6-1984F7C8CBDF}.Release|Any CPU.Build.0 = Release|Any CPU
	EndGlobalSection
	GlobalSection(SolutionProperties) = preSolution
		HideSolutionNode = FALSE
	EndGlobalSection
	GlobalSection(ExtensibilityGlobals) = postSolution
		SolutionGuid = {FDD628A8-8638-4B92-83AA-48676D452C08}
	EndGlobalSection
EndGlobal
