
Microsoft Visual Studio Solution File, Format Version 12.00
# Visual Studio Version 16
VisualStudioVersion = 16.0.30225.117
MinimumVisualStudioVersion = 10.0.40219.1
Project("{FAE04EC0-301F-11D3-BF4B-00C04F79EFBC}") = "InterPolatedString", "InterPolatedString\InterPolatedString.csproj", "{A7A5C282-1768-4EF0-BDBF-A5660F7769DC}"
EndProject
Global
	GlobalSection(SolutionConfigurationPlatforms) = preSolution
		Debug|Any CPU = Debug|Any CPU
		Release|Any CPU = Release|Any CPU
	EndGlobalSection
	GlobalSection(ProjectConfigurationPlatforms) = postSolution
		{A7A5C282-1768-4EF0-BDBF-A5660F7769DC}.Debug|Any CPU.ActiveCfg = Debug|Any CPU
		{A7A5C282-1768-4EF0-BDBF-A5660F7769DC}.Debug|Any CPU.Build.0 = Debug|Any CPU
		{A7A5C282-1768-4EF0-BDBF-A5660F7769DC}.Release|Any CPU.ActiveCfg = Release|Any CPU
		{A7A5C282-1768-4EF0-BDBF-A5660F7769DC}.Release|Any CPU.Build.0 = Release|Any CPU
	EndGlobalSection
	GlobalSection(SolutionProperties) = preSolution
		HideSolutionNode = FALSE
	EndGlobalSection
	GlobalSection(ExtensibilityGlobals) = postSolution
		SolutionGuid = {FAA4564A-1760-4D1D-805C-F2E542549AB3}
	EndGlobalSection
EndGlobal
