
Microsoft Visual Studio Solution File, Format Version 12.00
# Visual Studio Version 16
VisualStudioVersion = 16.0.30225.117
MinimumVisualStudioVersion = 10.0.40219.1
Project("{FAE04EC0-301F-11D3-BF4B-00C04F79EFBC}") = "EFCoreAplication", "EFCoreAplication\EFCoreAplication.csproj", "{7B384D3C-2375-45CA-871F-C8E5A9FD2778}"
EndProject
Global
	GlobalSection(SolutionConfigurationPlatforms) = preSolution
		Debug|Any CPU = Debug|Any CPU
		Release|Any CPU = Release|Any CPU
	EndGlobalSection
	GlobalSection(ProjectConfigurationPlatforms) = postSolution
		{7B384D3C-2375-45CA-871F-C8E5A9FD2778}.Debug|Any CPU.ActiveCfg = Debug|Any CPU
		{7B384D3C-2375-45CA-871F-C8E5A9FD2778}.Debug|Any CPU.Build.0 = Debug|Any CPU
		{7B384D3C-2375-45CA-871F-C8E5A9FD2778}.Release|Any CPU.ActiveCfg = Release|Any CPU
		{7B384D3C-2375-45CA-871F-C8E5A9FD2778}.Release|Any CPU.Build.0 = Release|Any CPU
	EndGlobalSection
	GlobalSection(SolutionProperties) = preSolution
		HideSolutionNode = FALSE
	EndGlobalSection
	GlobalSection(ExtensibilityGlobals) = postSolution
		SolutionGuid = {5E139FAE-FDB9-472E-8D10-6971591A1E9D}
	EndGlobalSection
EndGlobal
