
Microsoft Visual Studio Solution File, Format Version 12.00
# Visual Studio Version 16
VisualStudioVersion = 16.0.30225.117
MinimumVisualStudioVersion = 10.0.40219.1
Project("{FAE04EC0-301F-11D3-BF4B-00C04F79EFBC}") = "AscDotrNetCore", "AscDotrNetCore\AscDotrNetCore.csproj", "{C3E98B2E-975F-49DB-AAB9-A9BF913C6244}"
EndProject
Global
	GlobalSection(SolutionConfigurationPlatforms) = preSolution
		Debug|Any CPU = Debug|Any CPU
		Release|Any CPU = Release|Any CPU
	EndGlobalSection
	GlobalSection(ProjectConfigurationPlatforms) = postSolution
		{C3E98B2E-975F-49DB-AAB9-A9BF913C6244}.Debug|Any CPU.ActiveCfg = Debug|Any CPU
		{C3E98B2E-975F-49DB-AAB9-A9BF913C6244}.Debug|Any CPU.Build.0 = Debug|Any CPU
		{C3E98B2E-975F-49DB-AAB9-A9BF913C6244}.Release|Any CPU.ActiveCfg = Release|Any CPU
		{C3E98B2E-975F-49DB-AAB9-A9BF913C6244}.Release|Any CPU.Build.0 = Release|Any CPU
	EndGlobalSection
	GlobalSection(SolutionProperties) = preSolution
		HideSolutionNode = FALSE
	EndGlobalSection
	GlobalSection(ExtensibilityGlobals) = postSolution
		SolutionGuid = {9EEBE40E-F004-45B6-B46A-5745DBEA74A9}
	EndGlobalSection
EndGlobal
